
Microsoft Visual Studio Solution File, Format Version 12.00
# Visual Studio Version 16
VisualStudioVersion = 16.0.28803.352
MinimumVisualStudioVersion = 10.0.40219.1
Project("{FAE04EC0-301F-11D3-BF4B-00C04F79EFBC}") = "Entity_FirstApp", "Entity_FirstApp\Entity_FirstApp.csproj", "{01B6F0B2-9ABE-4D1D-8B82-1AECC01AEDA4}"
EndProject
Global
	GlobalSection(SolutionConfigurationPlatforms) = preSolution
		Debug|Any CPU = Debug|Any CPU
		Release|Any CPU = Release|Any CPU
	EndGlobalSection
	GlobalSection(ProjectConfigurationPlatforms) = postSolution
		{01B6F0B2-9ABE-4D1D-8B82-1AECC01AEDA4}.Debug|Any CPU.ActiveCfg = Debug|Any CPU
		{01B6F0B2-9ABE-4D1D-8B82-1AECC01AEDA4}.Debug|Any CPU.Build.0 = Debug|Any CPU
		{01B6F0B2-9ABE-4D1D-8B82-1AECC01AEDA4}.Release|Any CPU.ActiveCfg = Release|Any CPU
		{01B6F0B2-9ABE-4D1D-8B82-1AECC01AEDA4}.Release|Any CPU.Build.0 = Release|Any CPU
	EndGlobalSection
	GlobalSection(SolutionProperties) = preSolution
		HideSolutionNode = FALSE
	EndGlobalSection
	GlobalSection(ExtensibilityGlobals) = postSolution
		SolutionGuid = {DB7CD960-680B-4ECF-AD02-F8DF66A00235}
	EndGlobalSection
EndGlobal
